// !$*UTF8*$!
{
	archiveVersion = 1;
	classes = {
	};
	objectVersion = 46;
	objects = {

/* Begin PBXBuildFile section */
		66B6546F182A631800242AB1 /* ContentViewController.m in Sources */ = {isa = PBXBuildFile; fileRef = 66B6546E182A631800242AB1 /* ContentViewController.m */; };
		66F53E96182613DC00562C04 /* Foundation.framework in Frameworks */ = {isa = PBXBuildFile; fileRef = 66F53E95182613DC00562C04 /* Foundation.framework */; };
		66F53E98182613DC00562C04 /* CoreGraphics.framework in Frameworks */ = {isa = PBXBuildFile; fileRef = 66F53E97182613DC00562C04 /* CoreGraphics.framework */; };
		66F53E9A182613DC00562C04 /* UIKit.framework in Frameworks */ = {isa = PBXBuildFile; fileRef = 66F53E99182613DC00562C04 /* UIKit.framework */; };
		66F53EA0182613DC00562C04 /* InfoPlist.strings in Resources */ = {isa = PBXBuildFile; fileRef = 66F53E9E182613DC00562C04 /* InfoPlist.strings */; };
		66F53EA2182613DC00562C04 /* main.m in Sources */ = {isa = PBXBuildFile; fileRef = 66F53EA1182613DC00562C04 /* main.m */; };
		66F53EA6182613DD00562C04 /* AppDelegate.m in Sources */ = {isa = PBXBuildFile; fileRef = 66F53EA5182613DD00562C04 /* AppDelegate.m */; };
		66F53EA9182613DD00562C04 /* Main.storyboard in Resources */ = {isa = PBXBuildFile; fileRef = 66F53EA7182613DD00562C04 /* Main.storyboard */; };
		66F53EAE182613DD00562C04 /* Images.xcassets in Resources */ = {isa = PBXBuildFile; fileRef = 66F53EAD182613DD00562C04 /* Images.xcassets */; };
		66F53EB5182613DD00562C04 /* XCTest.framework in Frameworks */ = {isa = PBXBuildFile; fileRef = 66F53EB4182613DD00562C04 /* XCTest.framework */; };
		66F53EB6182613DD00562C04 /* Foundation.framework in Frameworks */ = {isa = PBXBuildFile; fileRef = 66F53E95182613DC00562C04 /* Foundation.framework */; };
		66F53EB7182613DD00562C04 /* UIKit.framework in Frameworks */ = {isa = PBXBuildFile; fileRef = 66F53E99182613DC00562C04 /* UIKit.framework */; };
		66F53EBF182613DD00562C04 /* InfoPlist.strings in Resources */ = {isa = PBXBuildFile; fileRef = 66F53EBD182613DD00562C04 /* InfoPlist.strings */; };
		66F53EC1182613DD00562C04 /* IMAPIPhoneApplicationTests.m in Sources */ = {isa = PBXBuildFile; fileRef = 66F53EC0182613DD00562C04 /* IMAPIPhoneApplicationTests.m */; };
		66F53ECC1826F73C00562C04 /* LoginScreenViewController.m in Sources */ = {isa = PBXBuildFile; fileRef = 66F53ECB1826F73C00562C04 /* LoginScreenViewController.m */; };
		66F53ECF182767D500562C04 /* MailListViewController.m in Sources */ = {isa = PBXBuildFile; fileRef = 66F53ECE182767D500562C04 /* MailListViewController.m */; };
/* End PBXBuildFile section */

/* Begin PBXContainerItemProxy section */
		66F53EB8182613DD00562C04 /* PBXContainerItemProxy */ = {
			isa = PBXContainerItemProxy;
			containerPortal = 66F53E8A182613DC00562C04 /* Project object */;
			proxyType = 1;
			remoteGlobalIDString = 66F53E91182613DC00562C04;
			remoteInfo = IMAPIPhoneApplication;
		};
/* End PBXContainerItemProxy section */

/* Begin PBXFileReference section */
		66B6546D182A631800242AB1 /* ContentViewController.h */ = {isa = PBXFileReference; fileEncoding = 4; lastKnownFileType = sourcecode.c.h; path = ContentViewController.h; sourceTree = "<group>"; };
		66B6546E182A631800242AB1 /* ContentViewController.m */ = {isa = PBXFileReference; fileEncoding = 4; lastKnownFileType = sourcecode.c.objc; path = ContentViewController.m; sourceTree = "<group>"; };
		66F53E92182613DC00562C04 /* IMAPIPhoneApplication.app */ = {isa = PBXFileReference; explicitFileType = wrapper.application; includeInIndex = 0; path = IMAPIPhoneApplication.app; sourceTree = BUILT_PRODUCTS_DIR; };
		66F53E95182613DC00562C04 /* Foundation.framework */ = {isa = PBXFileReference; lastKnownFileType = wrapper.framework; name = Foundation.framework; path = System/Library/Frameworks/Foundation.framework; sourceTree = SDKROOT; };
		66F53E97182613DC00562C04 /* CoreGraphics.framework */ = {isa = PBXFileReference; lastKnownFileType = wrapper.framework; name = CoreGraphics.framework; path = System/Library/Frameworks/CoreGraphics.framework; sourceTree = SDKROOT; };
		66F53E99182613DC00562C04 /* UIKit.framework */ = {isa = PBXFileReference; lastKnownFileType = wrapper.framework; name = UIKit.framework; path = System/Library/Frameworks/UIKit.framework; sourceTree = SDKROOT; };
		66F53E9D182613DC00562C04 /* IMAPIPhoneApplication-Info.plist */ = {isa = PBXFileReference; lastKnownFileType = text.plist.xml; path = "IMAPIPhoneApplication-Info.plist"; sourceTree = "<group>"; };
		66F53E9F182613DC00562C04 /* en */ = {isa = PBXFileReference; lastKnownFileType = text.plist.strings; name = en; path = en.lproj/InfoPlist.strings; sourceTree = "<group>"; };
		66F53EA1182613DC00562C04 /* main.m */ = {isa = PBXFileReference; lastKnownFileType = sourcecode.c.objc; path = main.m; sourceTree = "<group>"; };
		66F53EA3182613DC00562C04 /* IMAPIPhoneApplication-Prefix.pch */ = {isa = PBXFileReference; lastKnownFileType = sourcecode.c.h; path = "IMAPIPhoneApplication-Prefix.pch"; sourceTree = "<group>"; };
		66F53EA4182613DD00562C04 /* AppDelegate.h */ = {isa = PBXFileReference; lastKnownFileType = sourcecode.c.h; path = AppDelegate.h; sourceTree = "<group>"; };
		66F53EA5182613DD00562C04 /* AppDelegate.m */ = {isa = PBXFileReference; lastKnownFileType = sourcecode.c.objc; path = AppDelegate.m; sourceTree = "<group>"; };
		66F53EA8182613DD00562C04 /* Base */ = {isa = PBXFileReference; lastKnownFileType = file.storyboard; name = Base; path = Base.lproj/Main.storyboard; sourceTree = "<group>"; };
		66F53EAD182613DD00562C04 /* Images.xcassets */ = {isa = PBXFileReference; lastKnownFileType = folder.assetcatalog; path = Images.xcassets; sourceTree = "<group>"; };
		66F53EB3182613DD00562C04 /* IMAPIPhoneApplicationTests.xctest */ = {isa = PBXFileReference; explicitFileType = wrapper.cfbundle; includeInIndex = 0; path = IMAPIPhoneApplicationTests.xctest; sourceTree = BUILT_PRODUCTS_DIR; };
		66F53EB4182613DD00562C04 /* XCTest.framework */ = {isa = PBXFileReference; lastKnownFileType = wrapper.framework; name = XCTest.framework; path = Library/Frameworks/XCTest.framework; sourceTree = DEVELOPER_DIR; };
		66F53EBC182613DD00562C04 /* IMAPIPhoneApplicationTests-Info.plist */ = {isa = PBXFileReference; lastKnownFileType = text.plist.xml; path = "IMAPIPhoneApplicationTests-Info.plist"; sourceTree = "<group>"; };
		66F53EBE182613DD00562C04 /* en */ = {isa = PBXFileReference; lastKnownFileType = text.plist.strings; name = en; path = en.lproj/InfoPlist.strings; sourceTree = "<group>"; };
		66F53EC0182613DD00562C04 /* IMAPIPhoneApplicationTests.m */ = {isa = PBXFileReference; lastKnownFileType = sourcecode.c.objc; path = IMAPIPhoneApplicationTests.m; sourceTree = "<group>"; };
		66F53ECA1826F73C00562C04 /* LoginScreenViewController.h */ = {isa = PBXFileReference; fileEncoding = 4; lastKnownFileType = sourcecode.c.h; name = LoginScreenViewController.h; path = ../LoginScreenViewController.h; sourceTree = "<group>"; };
		66F53ECB1826F73C00562C04 /* LoginScreenViewController.m */ = {isa = PBXFileReference; fileEncoding = 4; lastKnownFileType = sourcecode.c.objc; name = LoginScreenViewController.m; path = ../LoginScreenViewController.m; sourceTree = "<group>"; };
		66F53ECD182767D500562C04 /* MailListViewController.h */ = {isa = PBXFileReference; fileEncoding = 4; lastKnownFileType = sourcecode.c.h; name = MailListViewController.h; path = ../MailListViewController.h; sourceTree = "<group>"; };
		66F53ECE182767D500562C04 /* MailListViewController.m */ = {isa = PBXFileReference; fileEncoding = 4; lastKnownFileType = sourcecode.c.objc; name = MailListViewController.m; path = ../MailListViewController.m; sourceTree = "<group>"; };
/* End PBXFileReference section */

/* Begin PBXFrameworksBuildPhase section */
		66F53E8F182613DC00562C04 /* Frameworks */ = {
			isa = PBXFrameworksBuildPhase;
			buildActionMask = 2147483647;
			files = (
				66F53E98182613DC00562C04 /* CoreGraphics.framework in Frameworks */,
				66F53E9A182613DC00562C04 /* UIKit.framework in Frameworks */,
				66F53E96182613DC00562C04 /* Foundation.framework in Frameworks */,
			);
			runOnlyForDeploymentPostprocessing = 0;
		};
		66F53EB0182613DD00562C04 /* Frameworks */ = {
			isa = PBXFrameworksBuildPhase;
			buildActionMask = 2147483647;
			files = (
				66F53EB5182613DD00562C04 /* XCTest.framework in Frameworks */,
				66F53EB7182613DD00562C04 /* UIKit.framework in Frameworks */,
				66F53EB6182613DD00562C04 /* Foundation.framework in Frameworks */,
			);
			runOnlyForDeploymentPostprocessing = 0;
		};
/* End PBXFrameworksBuildPhase section */

/* Begin PBXGroup section */
		66F53E89182613DC00562C04 = {
			isa = PBXGroup;
			children = (
				66F53E9B182613DC00562C04 /* IMAPIPhoneApplication */,
				66F53EBA182613DD00562C04 /* IMAPIPhoneApplicationTests */,
				66F53E94182613DC00562C04 /* Frameworks */,
				66F53E93182613DC00562C04 /* Products */,
			);
			sourceTree = "<group>";
		};
		66F53E93182613DC00562C04 /* Products */ = {
			isa = PBXGroup;
			children = (
				66F53E92182613DC00562C04 /* IMAPIPhoneApplication.app */,
				66F53EB3182613DD00562C04 /* IMAPIPhoneApplicationTests.xctest */,
			);
			name = Products;
			sourceTree = "<group>";
		};
		66F53E94182613DC00562C04 /* Frameworks */ = {
			isa = PBXGroup;
			children = (
				66F53E95182613DC00562C04 /* Foundation.framework */,
				66F53E97182613DC00562C04 /* CoreGraphics.framework */,
				66F53E99182613DC00562C04 /* UIKit.framework */,
				66F53EB4182613DD00562C04 /* XCTest.framework */,
			);
			name = Frameworks;
			sourceTree = "<group>";
		};
		66F53E9B182613DC00562C04 /* IMAPIPhoneApplication */ = {
			isa = PBXGroup;
			children = (
				66F53EA7182613DD00562C04 /* Main.storyboard */,
				66F53ECD182767D500562C04 /* MailListViewController.h */,
				66F53ECE182767D500562C04 /* MailListViewController.m */,
				66F53ECA1826F73C00562C04 /* LoginScreenViewController.h */,
				66F53ECB1826F73C00562C04 /* LoginScreenViewController.m */,
				66B6546D182A631800242AB1 /* ContentViewController.h */,
				66B6546E182A631800242AB1 /* ContentViewController.m */,
				66F53EA4182613DD00562C04 /* AppDelegate.h */,
				66F53EA5182613DD00562C04 /* AppDelegate.m */,
				66F53EAD182613DD00562C04 /* Images.xcassets */,
				66F53E9C182613DC00562C04 /* Supporting Files */,
			);
			path = IMAPIPhoneApplication;
			sourceTree = "<group>";
		};
		66F53E9C182613DC00562C04 /* Supporting Files */ = {
			isa = PBXGroup;
			children = (
				66F53E9D182613DC00562C04 /* IMAPIPhoneApplication-Info.plist */,
				66F53E9E182613DC00562C04 /* InfoPlist.strings */,
				66F53EA1182613DC00562C04 /* main.m */,
				66F53EA3182613DC00562C04 /* IMAPIPhoneApplication-Prefix.pch */,
			);
			name = "Supporting Files";
			sourceTree = "<group>";
		};
		66F53EBA182613DD00562C04 /* IMAPIPhoneApplicationTests */ = {
			isa = PBXGroup;
			children = (
				66F53EC0182613DD00562C04 /* IMAPIPhoneApplicationTests.m */,
				66F53EBB182613DD00562C04 /* Supporting Files */,
			);
			path = IMAPIPhoneApplicationTests;
			sourceTree = "<group>";
		};
		66F53EBB182613DD00562C04 /* Supporting Files */ = {
			isa = PBXGroup;
			children = (
				66F53EBC182613DD00562C04 /* IMAPIPhoneApplicationTests-Info.plist */,
				66F53EBD182613DD00562C04 /* InfoPlist.strings */,
			);
			name = "Supporting Files";
			sourceTree = "<group>";
		};
/* End PBXGroup section */

/* Begin PBXNativeTarget section */
		66F53E91182613DC00562C04 /* IMAPIPhoneApplication */ = {
			isa = PBXNativeTarget;
			buildConfigurationList = 66F53EC4182613DD00562C04 /* Build configuration list for PBXNativeTarget "IMAPIPhoneApplication" */;
			buildPhases = (
				66F53E8E182613DC00562C04 /* Sources */,
				66F53E8F182613DC00562C04 /* Frameworks */,
				66F53E90182613DC00562C04 /* Resources */,
			);
			buildRules = (
			);
			dependencies = (
			);
			name = IMAPIPhoneApplication;
			productName = IMAPIPhoneApplication;
			productReference = 66F53E92182613DC00562C04 /* IMAPIPhoneApplication.app */;
			productType = "com.apple.product-type.application";
		};
		66F53EB2182613DD00562C04 /* IMAPIPhoneApplicationTests */ = {
			isa = PBXNativeTarget;
			buildConfigurationList = 66F53EC7182613DD00562C04 /* Build configuration list for PBXNativeTarget "IMAPIPhoneApplicationTests" */;
			buildPhases = (
				66F53EAF182613DD00562C04 /* Sources */,
				66F53EB0182613DD00562C04 /* Frameworks */,
				66F53EB1182613DD00562C04 /* Resources */,
			);
			buildRules = (
			);
			dependencies = (
				66F53EB9182613DD00562C04 /* PBXTargetDependency */,
			);
			name = IMAPIPhoneApplicationTests;
			productName = IMAPIPhoneApplicationTests;
			productReference = 66F53EB3182613DD00562C04 /* IMAPIPhoneApplicationTests.xctest */;
			productType = "com.apple.product-type.bundle.unit-test";
		};
/* End PBXNativeTarget section */

/* Begin PBXProject section */
		66F53E8A182613DC00562C04 /* Project object */ = {
			isa = PBXProject;
			attributes = {
				LastUpgradeCheck = 0500;
				ORGANIZATIONNAME = "Dogan Can Dogan";
				TargetAttributes = {
					66F53EB2182613DD00562C04 = {
						TestTargetID = 66F53E91182613DC00562C04;
					};
				};
			};
			buildConfigurationList = 66F53E8D182613DC00562C04 /* Build configuration list for PBXProject "IMAPIPhoneApplication" */;
			compatibilityVersion = "Xcode 3.2";
			developmentRegion = English;
			hasScannedForEncodings = 0;
			knownRegions = (
				en,
				Base,
			);
			mainGroup = 66F53E89182613DC00562C04;
			productRefGroup = 66F53E93182613DC00562C04 /* Products */;
			projectDirPath = "";
			projectRoot = "";
			targets = (
				66F53E91182613DC00562C04 /* IMAPIPhoneApplication */,
				66F53EB2182613DD00562C04 /* IMAPIPhoneApplicationTests */,
			);
		};
/* End PBXProject section */

/* Begin PBXResourcesBuildPhase section */
		66F53E90182613DC00562C04 /* Resources */ = {
			isa = PBXResourcesBuildPhase;
			buildActionMask = 2147483647;
			files = (
				66F53EAE182613DD00562C04 /* Images.xcassets in Resources */,
				66F53EA0182613DC00562C04 /* InfoPlist.strings in Resources */,
				66F53EA9182613DD00562C04 /* Main.storyboard in Resources */,
			);
			runOnlyForDeploymentPostprocessing = 0;
		};
		66F53EB1182613DD00562C04 /* Resources */ = {
			isa = PBXResourcesBuildPhase;
			buildActionMask = 2147483647;
			files = (
				66F53EBF182613DD00562C04 /* InfoPlist.strings in Resources */,
			);
			runOnlyForDeploymentPostprocessing = 0;
		};
/* End PBXResourcesBuildPhase section */

/* Begin PBXSourcesBuildPhase section */
		66F53E8E182613DC00562C04 /* Sources */ = {
			isa = PBXSourcesBuildPhase;
			buildActionMask = 2147483647;
			files = (
				66F53EA6182613DD00562C04 /* AppDelegate.m in Sources */,
				66B6546F182A631800242AB1 /* ContentViewController.m in Sources */,
				66F53ECF182767D500562C04 /* MailListViewController.m in Sources */,
				66F53EA2182613DC00562C04 /* main.m in Sources */,
				66F53ECC1826F73C00562C04 /* LoginScreenViewController.m in Sources */,
			);
			runOnlyForDeploymentPostprocessing = 0;
		};
		66F53EAF182613DD00562C04 /* Sources */ = {
			isa = PBXSourcesBuildPhase;
			buildActionMask = 2147483647;
			files = (
				66F53EC1182613DD00562C04 /* IMAPIPhoneApplicationTests.m in Sources */,
			);
			runOnlyForDeploymentPostprocessing = 0;
		};
/* End PBXSourcesBuildPhase section */

/* Begin PBXTargetDependency section */
		66F53EB9182613DD00562C04 /* PBXTargetDependency */ = {
			isa = PBXTargetDependency;
			target = 66F53E91182613DC00562C04 /* IMAPIPhoneApplication */;
			targetProxy = 66F53EB8182613DD00562C04 /* PBXContainerItemProxy */;
		};
/* End PBXTargetDependency section */

/* Begin PBXVariantGroup section */
		66F53E9E182613DC00562C04 /* InfoPlist.strings */ = {
			isa = PBXVariantGroup;
			children = (
				66F53E9F182613DC00562C04 /* en */,
			);
			name = InfoPlist.strings;
			sourceTree = "<group>";
		};
		66F53EA7182613DD00562C04 /* Main.storyboard */ = {
			isa = PBXVariantGroup;
			children = (
				66F53EA8182613DD00562C04 /* Base */,
			);
			name = Main.storyboard;
			sourceTree = "<group>";
		};
		66F53EBD182613DD00562C04 /* InfoPlist.strings */ = {
			isa = PBXVariantGroup;
			children = (
				66F53EBE182613DD00562C04 /* en */,
			);
			name = InfoPlist.strings;
			sourceTree = "<group>";
		};
/* End PBXVariantGroup section */

/* Begin XCBuildConfiguration section */
		66F53EC2182613DD00562C04 /* Debug */ = {
			isa = XCBuildConfiguration;
			buildSettings = {
				ALWAYS_SEARCH_USER_PATHS = NO;
				ARCHS = "$(ARCHS_STANDARD_INCLUDING_64_BIT)";
				CLANG_CXX_LANGUAGE_STANDARD = "gnu++0x";
				CLANG_CXX_LIBRARY = "libc++";
				CLANG_ENABLE_MODULES = YES;
				CLANG_ENABLE_OBJC_ARC = YES;
				CLANG_WARN_BOOL_CONVERSION = YES;
				CLANG_WARN_CONSTANT_CONVERSION = YES;
				CLANG_WARN_DIRECT_OBJC_ISA_USAGE = YES_ERROR;
				CLANG_WARN_EMPTY_BODY = YES;
				CLANG_WARN_ENUM_CONVERSION = YES;
				CLANG_WARN_INT_CONVERSION = YES;
				CLANG_WARN_OBJC_ROOT_CLASS = YES_ERROR;
				CLANG_WARN__DUPLICATE_METHOD_MATCH = YES;
				"CODE_SIGN_IDENTITY[sdk=iphoneos*]" = "iPhone Developer";
				COPY_PHASE_STRIP = NO;
				GCC_C_LANGUAGE_STANDARD = gnu99;
				GCC_DYNAMIC_NO_PIC = NO;
				GCC_OPTIMIZATION_LEVEL = 0;
				GCC_PREPROCESSOR_DEFINITIONS = (
					"DEBUG=1",
					"$(inherited)",
				);
				GCC_SYMBOLS_PRIVATE_EXTERN = NO;
				GCC_WARN_64_TO_32_BIT_CONVERSION = YES;
				GCC_WARN_ABOUT_RETURN_TYPE = YES_ERROR;
				GCC_WARN_UNDECLARED_SELECTOR = YES;
				GCC_WARN_UNINITIALIZED_AUTOS = YES;
				GCC_WARN_UNUSED_FUNCTION = YES;
				GCC_WARN_UNUSED_VARIABLE = YES;
				IPHONEOS_DEPLOYMENT_TARGET = 7.0;
				ONLY_ACTIVE_ARCH = YES;
				SDKROOT = iphoneos;
			};
			name = Debug;
		};
		66F53EC3182613DD00562C04 /* Release */ = {
			isa = XCBuildConfiguration;
			buildSettings = {
				ALWAYS_SEARCH_USER_PATHS = NO;
				ARCHS = "$(ARCHS_STANDARD_INCLUDING_64_BIT)";
				CLANG_CXX_LANGUAGE_STANDARD = "gnu++0x";
				CLANG_CXX_LIBRARY = "libc++";
				CLANG_ENABLE_MODULES = YES;
				CLANG_ENABLE_OBJC_ARC = YES;
				CLANG_WARN_BOOL_CONVERSION = YES;
				CLANG_WARN_CONSTANT_CONVERSION = YES;
				CLANG_WARN_DIRECT_OBJC_ISA_USAGE = YES_ERROR;
				CLANG_WARN_EMPTY_BODY = YES;
				CLANG_WARN_ENUM_CONVERSION = YES;
				CLANG_WARN_INT_CONVERSION = YES;
				CLANG_WARN_OBJC_ROOT_CLASS = YES_ERROR;
				CLANG_WARN__DUPLICATE_METHOD_MATCH = YES;
				"CODE_SIGN_IDENTITY[sdk=iphoneos*]" = "iPhone Developer";
				COPY_PHASE_STRIP = YES;
				ENABLE_NS_ASSERTIONS = NO;
				GCC_C_LANGUAGE_STANDARD = gnu99;
				GCC_WARN_64_TO_32_BIT_CONVERSION = YES;
				GCC_WARN_ABOUT_RETURN_TYPE = YES_ERROR;
				GCC_WARN_UNDECLARED_SELECTOR = YES;
				GCC_WARN_UNINITIALIZED_AUTOS = YES;
				GCC_WARN_UNUSED_FUNCTION = YES;
				GCC_WARN_UNUSED_VARIABLE = YES;
				IPHONEOS_DEPLOYMENT_TARGET = 7.0;
				SDKROOT = iphoneos;
				VALIDATE_PRODUCT = YES;
			};
			name = Release;
		};
		66F53EC5182613DD00562C04 /* Debug */ = {
			isa = XCBuildConfiguration;
			buildSettings = {
				ASSETCATALOG_COMPILER_APPICON_NAME = AppIcon;
				ASSETCATALOG_COMPILER_LAUNCHIMAGE_NAME = LaunchImage;
				GCC_PRECOMPILE_PREFIX_HEADER = YES;
				GCC_PREFIX_HEADER = "IMAPIPhoneApplication/IMAPIPhoneApplication-Prefix.pch";
				INFOPLIST_FILE = "IMAPIPhoneApplication/IMAPIPhoneApplication-Info.plist";
				PRODUCT_NAME = "$(TARGET_NAME)";
				WRAPPER_EXTENSION = app;
			};
			name = Debug;
		};
		66F53EC6182613DD00562C04 /* Release */ = {
			isa = XCBuildConfiguration;
			buildSettings = {
				ASSETCATALOG_COMPILER_APPICON_NAME = AppIcon;
				ASSETCATALOG_COMPILER_LAUNCHIMAGE_NAME = LaunchImage;
				GCC_PRECOMPILE_PREFIX_HEADER = YES;
				GCC_PREFIX_HEADER = "IMAPIPhoneApplication/IMAPIPhoneApplication-Prefix.pch";
				INFOPLIST_FILE = "IMAPIPhoneApplication/IMAPIPhoneApplication-Info.plist";
				PRODUCT_NAME = "$(TARGET_NAME)";
				WRAPPER_EXTENSION = app;
			};
			name = Release;
		};
		66F53EC8182613DD00562C04 /* Debug */ = {
			isa = XCBuildConfiguration;
			buildSettings = {
				ARCHS = "$(ARCHS_STANDARD_INCLUDING_64_BIT)";
				BUNDLE_LOADER = "$(BUILT_PRODUCTS_DIR)/IMAPIPhoneApplication.app/IMAPIPhoneApplication";
				FRAMEWORK_SEARCH_PATHS = (
					"$(SDKROOT)/Developer/Library/Frameworks",
					"$(inherited)",
					"$(DEVELOPER_FRAMEWORKS_DIR)",
				);
				GCC_PRECOMPILE_PREFIX_HEADER = YES;
				GCC_PREFIX_HEADER = "IMAPIPhoneApplication/IMAPIPhoneApplication-Prefix.pch";
				GCC_PREPROCESSOR_DEFINITIONS = (
					"DEBUG=1",
					"$(inherited)",
				);
				INFOPLIST_FILE = "IMAPIPhoneApplicationTests/IMAPIPhoneApplicationTests-Info.plist";
				PRODUCT_NAME = "$(TARGET_NAME)";
				TEST_HOST = "$(BUNDLE_LOADER)";
				WRAPPER_EXTENSION = xctest;
			};
			name = Debug;
		};
		66F53EC9182613DD00562C04 /* Release */ = {
			isa = XCBuildConfiguration;
			buildSettings = {
				ARCHS = "$(ARCHS_STANDARD_INCLUDING_64_BIT)";
				BUNDLE_LOADER = "$(BUILT_PRODUCTS_DIR)/IMAPIPhoneApplication.app/IMAPIPhoneApplication";
				FRAMEWORK_SEARCH_PATHS = (
					"$(SDKROOT)/Developer/Library/Frameworks",
					"$(inherited)",
					"$(DEVELOPER_FRAMEWORKS_DIR)",
				);
				GCC_PRECOMPILE_PREFIX_HEADER = YES;
				GCC_PREFIX_HEADER = "IMAPIPhoneApplication/IMAPIPhoneApplication-Prefix.pch";
				INFOPLIST_FILE = "IMAPIPhoneApplicationTests/IMAPIPhoneApplicationTests-Info.plist";
				PRODUCT_NAME = "$(TARGET_NAME)";
				TEST_HOST = "$(BUNDLE_LOADER)";
				WRAPPER_EXTENSION = xctest;
			};
			name = Release;
		};
/* End XCBuildConfiguration section */

/* Begin XCConfigurationList section */
		66F53E8D182613DC00562C04 /* Build configuration list for PBXProject "IMAPIPhoneApplication" */ = {
			isa = XCConfigurationList;
			buildConfigurations = (
				66F53EC2182613DD00562C04 /* Debug */,
				66F53EC3182613DD00562C04 /* Release */,
			);
			defaultConfigurationIsVisible = 0;
			defaultConfigurationName = Release;
		};
		66F53EC4182613DD00562C04 /* Build configuration list for PBXNativeTarget "IMAPIPhoneApplication" */ = {
			isa = XCConfigurationList;
			buildConfigurations = (
				66F53EC5182613DD00562C04 /* Debug */,
				66F53EC6182613DD00562C04 /* Release */,
			);
			defaultConfigurationIsVisible = 0;
			defaultConfigurationName = Release;
		};
		66F53EC7182613DD00562C04 /* Build configuration list for PBXNativeTarget "IMAPIPhoneApplicationTests" */ = {
			isa = XCConfigurationList;
			buildConfigurations = (
				66F53EC8182613DD00562C04 /* Debug */,
				66F53EC9182613DD00562C04 /* Release */,
			);
			defaultConfigurationIsVisible = 0;
			defaultConfigurationName = Release;
		};
/* End XCConfigurationList section */
	};
	rootObject = 66F53E8A182613DC00562C04 /* Project object */;
}
